
Microsoft Visual Studio Solution File, Format Version 12.00
# Visual Studio Version 17
VisualStudioVersion = 17.8.34525.116
MinimumVisualStudioVersion = 10.0.40219.1
Project("{9A19103F-16F7-4668-BE54-9A1E7A4F7556}") = "webapi", "webapi\webapi.csproj", "{ED4A7C68-D51C-44CE-A6AA-D5451F74FFAF}"
EndProject
Project("{9A19103F-16F7-4668-BE54-9A1E7A4F7556}") = "business", "business\business.csproj", "{613E9B13-B045-4A8A-8D52-74D915E66477}"
EndProject
Project("{9A19103F-16F7-4668-BE54-9A1E7A4F7556}") = "models", "models\models.csproj", "{789637CA-FA65-4558-AB0D-B3574B81AE48}"
EndProject
Project("{9A19103F-16F7-4668-BE54-9A1E7A4F7556}") = "interfaces", "interfaces\interfaces.csproj", "{4373521A-44B4-42DE-AC6D-42FABF91FD00}"
EndProject
Project("{FAE04EC0-301F-11D3-BF4B-00C04F79EFBC}") = "unit.test", "unit.test\unit.test.csproj", "{817B1751-17C5-4672-AABE-DE5F0BD5B4B7}"
EndProject
Project("{FAE04EC0-301F-11D3-BF4B-00C04F79EFBC}") = "repositories", "repositories\repositories.csproj", "{A29F45EA-4428-4CA6-ACAA-F6EB387C360E}"
EndProject
Global
	GlobalSection(SolutionConfigurationPlatforms) = preSolution
		Debug|Any CPU = Debug|Any CPU
		Release|Any CPU = Release|Any CPU
	EndGlobalSection
	GlobalSection(ProjectConfigurationPlatforms) = postSolution
		{ED4A7C68-D51C-44CE-A6AA-D5451F74FFAF}.Debug|Any CPU.ActiveCfg = Debug|Any CPU
		{ED4A7C68-D51C-44CE-A6AA-D5451F74FFAF}.Debug|Any CPU.Build.0 = Debug|Any CPU
		{ED4A7C68-D51C-44CE-A6AA-D5451F74FFAF}.Release|Any CPU.ActiveCfg = Release|Any CPU
		{ED4A7C68-D51C-44CE-A6AA-D5451F74FFAF}.Release|Any CPU.Build.0 = Release|Any CPU
		{ED4A7C68-D51C-44CE-A6AA-D5451F74FFAF}.Debug|Any CPU.Deploy.0 = Debug|Any CPU
		{613E9B13-B045-4A8A-8D52-74D915E66477}.Debug|Any CPU.ActiveCfg = Debug|Any CPU
		{613E9B13-B045-4A8A-8D52-74D915E66477}.Debug|Any CPU.Build.0 = Debug|Any CPU
		{613E9B13-B045-4A8A-8D52-74D915E66477}.Release|Any CPU.ActiveCfg = Release|Any CPU
		{613E9B13-B045-4A8A-8D52-74D915E66477}.Release|Any CPU.Build.0 = Release|Any CPU
		{789637CA-FA65-4558-AB0D-B3574B81AE48}.Debug|Any CPU.ActiveCfg = Debug|Any CPU
		{789637CA-FA65-4558-AB0D-B3574B81AE48}.Debug|Any CPU.Build.0 = Debug|Any CPU
		{789637CA-FA65-4558-AB0D-B3574B81AE48}.Release|Any CPU.ActiveCfg = Release|Any CPU
		{789637CA-FA65-4558-AB0D-B3574B81AE48}.Release|Any CPU.Build.0 = Release|Any CPU
		{4373521A-44B4-42DE-AC6D-42FABF91FD00}.Debug|Any CPU.ActiveCfg = Debug|Any CPU
		{4373521A-44B4-42DE-AC6D-42FABF91FD00}.Debug|Any CPU.Build.0 = Debug|Any CPU
		{4373521A-44B4-42DE-AC6D-42FABF91FD00}.Release|Any CPU.ActiveCfg = Release|Any CPU
		{4373521A-44B4-42DE-AC6D-42FABF91FD00}.Release|Any CPU.Build.0 = Release|Any CPU
		{817B1751-17C5-4672-AABE-DE5F0BD5B4B7}.Debug|Any CPU.ActiveCfg = Debug|Any CPU
		{817B1751-17C5-4672-AABE-DE5F0BD5B4B7}.Debug|Any CPU.Build.0 = Debug|Any CPU
		{817B1751-17C5-4672-AABE-DE5F0BD5B4B7}.Release|Any CPU.ActiveCfg = Release|Any CPU
		{817B1751-17C5-4672-AABE-DE5F0BD5B4B7}.Release|Any CPU.Build.0 = Release|Any CPU
		{A29F45EA-4428-4CA6-ACAA-F6EB387C360E}.Debug|Any CPU.ActiveCfg = Debug|Any CPU
		{A29F45EA-4428-4CA6-ACAA-F6EB387C360E}.Debug|Any CPU.Build.0 = Debug|Any CPU
		{A29F45EA-4428-4CA6-ACAA-F6EB387C360E}.Release|Any CPU.ActiveCfg = Release|Any CPU
		{A29F45EA-4428-4CA6-ACAA-F6EB387C360E}.Release|Any CPU.Build.0 = Release|Any CPU
	EndGlobalSection
	GlobalSection(SolutionProperties) = preSolution
		HideSolutionNode = FALSE
	EndGlobalSection
	GlobalSection(ExtensibilityGlobals) = postSolution
		SolutionGuid = {88622F44-B928-4BBD-8EC2-973F3EA140D2}
	EndGlobalSection
EndGlobal
